
Microsoft Visual Studio Solution File, Format Version 12.00
# Visual Studio 14
VisualStudioVersion = 14.0.23107.0
MinimumVisualStudioVersion = 10.0.40219.1
Project("{F2A71F9B-5D33-465A-A702-920D77279786}") = "ExceLint", "ExceLint\ExceLint.fsproj", "{A62BCA5A-EB55-46ED-A49A-FDB34771B605}"
EndProject
Project("{FAE04EC0-301F-11D3-BF4B-00C04F79EFBC}") = "Depends", "Depends\Depends\Depends.csproj", "{34FA1BC2-CFD6-44EC-AC0C-DFC62313E4BF}"
EndProject
Project("{F2A71F9B-5D33-465A-A702-920D77279786}") = "ExcelParser", "Depends\parcel\Parcel\ExcelParser.fsproj", "{6DE2A2B9-C029-4BDB-8992-D16276471D9F}"
EndProject
Project("{F2A71F9B-5D33-465A-A702-920D77279786}") = "ParcelCOMShim", "Depends\ParcelCOMShim\ParcelCOMShim\ParcelCOMShim.fsproj", "{71E3AF28-8088-4F9D-9392-858964D72947}"
EndProject
Project("{FAE04EC0-301F-11D3-BF4B-00C04F79EFBC}") = "COMWrapper", "COMWrapper\COMWrapper.csproj", "{D9BC52FF-2319-4216-96FD-6F9CF2D05539}"
EndProject
Global
	GlobalSection(SolutionConfigurationPlatforms) = preSolution
		Debug|Any CPU = Debug|Any CPU
		Release|Any CPU = Release|Any CPU
	EndGlobalSection
	GlobalSection(ProjectConfigurationPlatforms) = postSolution
		{A62BCA5A-EB55-46ED-A49A-FDB34771B605}.Debug|Any CPU.ActiveCfg = Debug|Any CPU
		{A62BCA5A-EB55-46ED-A49A-FDB34771B605}.Debug|Any CPU.Build.0 = Debug|Any CPU
		{A62BCA5A-EB55-46ED-A49A-FDB34771B605}.Release|Any CPU.ActiveCfg = Release|Any CPU
		{A62BCA5A-EB55-46ED-A49A-FDB34771B605}.Release|Any CPU.Build.0 = Release|Any CPU
		{34FA1BC2-CFD6-44EC-AC0C-DFC62313E4BF}.Debug|Any CPU.ActiveCfg = Debug|Any CPU
		{34FA1BC2-CFD6-44EC-AC0C-DFC62313E4BF}.Debug|Any CPU.Build.0 = Debug|Any CPU
		{34FA1BC2-CFD6-44EC-AC0C-DFC62313E4BF}.Release|Any CPU.ActiveCfg = Release|Any CPU
		{34FA1BC2-CFD6-44EC-AC0C-DFC62313E4BF}.Release|Any CPU.Build.0 = Release|Any CPU
		{6DE2A2B9-C029-4BDB-8992-D16276471D9F}.Debug|Any CPU.ActiveCfg = Debug|Any CPU
		{6DE2A2B9-C029-4BDB-8992-D16276471D9F}.Debug|Any CPU.Build.0 = Debug|Any CPU
		{6DE2A2B9-C029-4BDB-8992-D16276471D9F}.Release|Any CPU.ActiveCfg = Release|Any CPU
		{6DE2A2B9-C029-4BDB-8992-D16276471D9F}.Release|Any CPU.Build.0 = Release|Any CPU
		{71E3AF28-8088-4F9D-9392-858964D72947}.Debug|Any CPU.ActiveCfg = Debug|Any CPU
		{71E3AF28-8088-4F9D-9392-858964D72947}.Debug|Any CPU.Build.0 = Debug|Any CPU
		{71E3AF28-8088-4F9D-9392-858964D72947}.Release|Any CPU.ActiveCfg = Release|Any CPU
		{71E3AF28-8088-4F9D-9392-858964D72947}.Release|Any CPU.Build.0 = Release|Any CPU
		{D9BC52FF-2319-4216-96FD-6F9CF2D05539}.Debug|Any CPU.ActiveCfg = Debug|Any CPU
		{D9BC52FF-2319-4216-96FD-6F9CF2D05539}.Debug|Any CPU.Build.0 = Debug|Any CPU
		{D9BC52FF-2319-4216-96FD-6F9CF2D05539}.Release|Any CPU.ActiveCfg = Release|Any CPU
		{D9BC52FF-2319-4216-96FD-6F9CF2D05539}.Release|Any CPU.Build.0 = Release|Any CPU
	EndGlobalSection
	GlobalSection(SolutionProperties) = preSolution
		HideSolutionNode = FALSE
	EndGlobalSection
EndGlobal
