
Microsoft Visual Studio Solution File, Format Version 12.00
# Visual Studio 14
VisualStudioVersion = 14.0.25123.0
MinimumVisualStudioVersion = 10.0.40219.1
Project("{F2A71F9B-5D33-465A-A702-920D77279786}") = "ExceLint", "ExceLint\ExceLint.fsproj", "{A62BCA5A-EB55-46ED-A49A-FDB34771B605}"
EndProject
Project("{FAE04EC0-301F-11D3-BF4B-00C04F79EFBC}") = "Depends", "Depends\Depends\Depends.csproj", "{34FA1BC2-CFD6-44EC-AC0C-DFC62313E4BF}"
EndProject
Project("{F2A71F9B-5D33-465A-A702-920D77279786}") = "ExcelParser", "Depends\parcel\Parcel\ExcelParser.fsproj", "{6DE2A2B9-C029-4BDB-8992-D16276471D9F}"
EndProject
Project("{F2A71F9B-5D33-465A-A702-920D77279786}") = "ParcelCOMShim", "Depends\ParcelCOMShim\ParcelCOMShim\ParcelCOMShim.fsproj", "{71E3AF28-8088-4F9D-9392-858964D72947}"
EndProject
Project("{FAE04EC0-301F-11D3-BF4B-00C04F79EFBC}") = "ExceLintTests", "ExceLintTests\ExceLintTests.csproj", "{A2140DFC-53AE-46D9-A89E-42A0CBFFA5AF}"
EndProject
Project("{FAE04EC0-301F-11D3-BF4B-00C04F79EFBC}") = "COMWrapper", "Depends\COMWrapper\COMWrapper.csproj", "{D9BC52FF-2319-4216-96FD-6F9CF2D05539}"
EndProject
Project("{FAE04EC0-301F-11D3-BF4B-00C04F79EFBC}") = "ExceLintUI", "ExceLintUI\ExceLintUI.csproj", "{F9BECB73-F7A5-4462-AE0D-B90BA40E5CF4}"
EndProject
Project("{6141683F-8A12-4E36-9623-2EB02B2C2303}") = "ExceLintInstaller", "ExceLintInstaller\ExceLintInstaller.isproj", "{CC552F90-85A6-4D68-8549-EE7438EA150A}"
	ProjectSection(ProjectDependencies) = postProject
		{71E3AF28-8088-4F9D-9392-858964D72947} = {71E3AF28-8088-4F9D-9392-858964D72947}
		{35888456-3095-4133-92C8-6DD3205F4C2D} = {35888456-3095-4133-92C8-6DD3205F4C2D}
		{A62BCA5A-EB55-46ED-A49A-FDB34771B605} = {A62BCA5A-EB55-46ED-A49A-FDB34771B605}
		{F9BECB73-F7A5-4462-AE0D-B90BA40E5CF4} = {F9BECB73-F7A5-4462-AE0D-B90BA40E5CF4}
		{6DE2A2B9-C029-4BDB-8992-D16276471D9F} = {6DE2A2B9-C029-4BDB-8992-D16276471D9F}
		{34FA1BC2-CFD6-44EC-AC0C-DFC62313E4BF} = {34FA1BC2-CFD6-44EC-AC0C-DFC62313E4BF}
		{D8A416FA-BE7D-4929-8A6A-DA28B206853C} = {D8A416FA-BE7D-4929-8A6A-DA28B206853C}
		{D9BC52FF-2319-4216-96FD-6F9CF2D05539} = {D9BC52FF-2319-4216-96FD-6F9CF2D05539}
	EndProjectSection
EndProject
Project("{FAE04EC0-301F-11D3-BF4B-00C04F79EFBC}") = "ParcelTest", "Depends\parcel\ParcelTest\ParcelTest.csproj", "{730227B9-77B3-4F81-A4FB-341AE9611363}"
EndProject
Project("{2150E333-8FDC-42A3-9474-1A3956D46DE8}") = ".build", ".build", "{91A1468A-E062-43ED-87EB-A2C9FD14AC34}"
	ProjectSection(SolutionItems) = preProject
		Build.proj = Build.proj
		.build\MSBuild.Community.Tasks.dll = .build\MSBuild.Community.Tasks.dll
		.build\MSBuild.Community.Tasks.targets = .build\MSBuild.Community.Tasks.targets
	EndProjectSection
EndProject
Project("{FAE04EC0-301F-11D3-BF4B-00C04F79EFBC}") = "FParsecCS", "Depends\parcel\FParsecCS\FParsecCS.csproj", "{35888456-3095-4133-92C8-6DD3205F4C2D}"
EndProject
Project("{F2A71F9B-5D33-465A-A702-920D77279786}") = "FParsec", "Depends\parcel\FParsec\FParsec.fsproj", "{D8A416FA-BE7D-4929-8A6A-DA28B206853C}"
EndProject
Project("{F2A71F9B-5D33-465A-A702-920D77279786}") = "ExcelParserConsole", "Depends\parcel\ParcelConsole\ExcelParserConsole.fsproj", "{EB5D17BF-060E-41FE-AB6E-E916D68FCBA4}"
EndProject
Project("{FAE04EC0-301F-11D3-BF4B-00C04F79EFBC}") = "DependsTests", "Depends\Tests\DependsTests.csproj", "{6C6B1628-AD0A-41F4-AFE0-FD922FB63BF3}"
EndProject
Project("{F2A71F9B-5D33-465A-A702-920D77279786}") = "ExceLintRunner", "ExceLintRunner\ExceLintRunner.fsproj", "{95BB2692-05A3-4CFE-A10D-376C7139D649}"
EndProject
Global
	GlobalSection(SolutionConfigurationPlatforms) = preSolution
		Debug|Any CPU = Debug|Any CPU
		Debug|x86 = Debug|x86
		Release|Any CPU = Release|Any CPU
		Release|x86 = Release|x86
		SingleImage|Any CPU = SingleImage|Any CPU
		SingleImage|x86 = SingleImage|x86
	EndGlobalSection
	GlobalSection(ProjectConfigurationPlatforms) = postSolution
		{A62BCA5A-EB55-46ED-A49A-FDB34771B605}.Debug|Any CPU.ActiveCfg = Debug|Any CPU
		{A62BCA5A-EB55-46ED-A49A-FDB34771B605}.Debug|Any CPU.Build.0 = Debug|Any CPU
		{A62BCA5A-EB55-46ED-A49A-FDB34771B605}.Debug|x86.ActiveCfg = Debug|Any CPU
		{A62BCA5A-EB55-46ED-A49A-FDB34771B605}.Debug|x86.Build.0 = Debug|Any CPU
		{A62BCA5A-EB55-46ED-A49A-FDB34771B605}.Release|Any CPU.ActiveCfg = Release|Any CPU
		{A62BCA5A-EB55-46ED-A49A-FDB34771B605}.Release|Any CPU.Build.0 = Release|Any CPU
		{A62BCA5A-EB55-46ED-A49A-FDB34771B605}.Release|x86.ActiveCfg = Release|Any CPU
		{A62BCA5A-EB55-46ED-A49A-FDB34771B605}.Release|x86.Build.0 = Release|Any CPU
		{A62BCA5A-EB55-46ED-A49A-FDB34771B605}.SingleImage|Any CPU.ActiveCfg = Release|Any CPU
		{A62BCA5A-EB55-46ED-A49A-FDB34771B605}.SingleImage|Any CPU.Build.0 = Release|Any CPU
		{A62BCA5A-EB55-46ED-A49A-FDB34771B605}.SingleImage|x86.ActiveCfg = Release|Any CPU
		{A62BCA5A-EB55-46ED-A49A-FDB34771B605}.SingleImage|x86.Build.0 = Release|Any CPU
		{34FA1BC2-CFD6-44EC-AC0C-DFC62313E4BF}.Debug|Any CPU.ActiveCfg = Debug|Any CPU
		{34FA1BC2-CFD6-44EC-AC0C-DFC62313E4BF}.Debug|Any CPU.Build.0 = Debug|Any CPU
		{34FA1BC2-CFD6-44EC-AC0C-DFC62313E4BF}.Debug|x86.ActiveCfg = Debug|Any CPU
		{34FA1BC2-CFD6-44EC-AC0C-DFC62313E4BF}.Debug|x86.Build.0 = Debug|Any CPU
		{34FA1BC2-CFD6-44EC-AC0C-DFC62313E4BF}.Release|Any CPU.ActiveCfg = Release|Any CPU
		{34FA1BC2-CFD6-44EC-AC0C-DFC62313E4BF}.Release|Any CPU.Build.0 = Release|Any CPU
		{34FA1BC2-CFD6-44EC-AC0C-DFC62313E4BF}.Release|x86.ActiveCfg = Release|Any CPU
		{34FA1BC2-CFD6-44EC-AC0C-DFC62313E4BF}.Release|x86.Build.0 = Release|Any CPU
		{34FA1BC2-CFD6-44EC-AC0C-DFC62313E4BF}.SingleImage|Any CPU.ActiveCfg = Release|Any CPU
		{34FA1BC2-CFD6-44EC-AC0C-DFC62313E4BF}.SingleImage|Any CPU.Build.0 = Release|Any CPU
		{34FA1BC2-CFD6-44EC-AC0C-DFC62313E4BF}.SingleImage|x86.ActiveCfg = Release|Any CPU
		{34FA1BC2-CFD6-44EC-AC0C-DFC62313E4BF}.SingleImage|x86.Build.0 = Release|Any CPU
		{6DE2A2B9-C029-4BDB-8992-D16276471D9F}.Debug|Any CPU.ActiveCfg = Debug|Any CPU
		{6DE2A2B9-C029-4BDB-8992-D16276471D9F}.Debug|Any CPU.Build.0 = Debug|Any CPU
		{6DE2A2B9-C029-4BDB-8992-D16276471D9F}.Debug|x86.ActiveCfg = Debug|Any CPU
		{6DE2A2B9-C029-4BDB-8992-D16276471D9F}.Debug|x86.Build.0 = Debug|Any CPU
		{6DE2A2B9-C029-4BDB-8992-D16276471D9F}.Release|Any CPU.ActiveCfg = Release|Any CPU
		{6DE2A2B9-C029-4BDB-8992-D16276471D9F}.Release|Any CPU.Build.0 = Release|Any CPU
		{6DE2A2B9-C029-4BDB-8992-D16276471D9F}.Release|x86.ActiveCfg = Release|Any CPU
		{6DE2A2B9-C029-4BDB-8992-D16276471D9F}.Release|x86.Build.0 = Release|Any CPU
		{6DE2A2B9-C029-4BDB-8992-D16276471D9F}.SingleImage|Any CPU.ActiveCfg = Release|Any CPU
		{6DE2A2B9-C029-4BDB-8992-D16276471D9F}.SingleImage|Any CPU.Build.0 = Release|Any CPU
		{6DE2A2B9-C029-4BDB-8992-D16276471D9F}.SingleImage|x86.ActiveCfg = Release|Any CPU
		{6DE2A2B9-C029-4BDB-8992-D16276471D9F}.SingleImage|x86.Build.0 = Release|Any CPU
		{71E3AF28-8088-4F9D-9392-858964D72947}.Debug|Any CPU.ActiveCfg = Debug|Any CPU
		{71E3AF28-8088-4F9D-9392-858964D72947}.Debug|Any CPU.Build.0 = Debug|Any CPU
		{71E3AF28-8088-4F9D-9392-858964D72947}.Debug|x86.ActiveCfg = Debug|Any CPU
		{71E3AF28-8088-4F9D-9392-858964D72947}.Debug|x86.Build.0 = Debug|Any CPU
		{71E3AF28-8088-4F9D-9392-858964D72947}.Release|Any CPU.ActiveCfg = Release|Any CPU
		{71E3AF28-8088-4F9D-9392-858964D72947}.Release|Any CPU.Build.0 = Release|Any CPU
		{71E3AF28-8088-4F9D-9392-858964D72947}.Release|x86.ActiveCfg = Release|Any CPU
		{71E3AF28-8088-4F9D-9392-858964D72947}.Release|x86.Build.0 = Release|Any CPU
		{71E3AF28-8088-4F9D-9392-858964D72947}.SingleImage|Any CPU.ActiveCfg = Release|Any CPU
		{71E3AF28-8088-4F9D-9392-858964D72947}.SingleImage|Any CPU.Build.0 = Release|Any CPU
		{71E3AF28-8088-4F9D-9392-858964D72947}.SingleImage|x86.ActiveCfg = Release|Any CPU
		{71E3AF28-8088-4F9D-9392-858964D72947}.SingleImage|x86.Build.0 = Release|Any CPU
		{A2140DFC-53AE-46D9-A89E-42A0CBFFA5AF}.Debug|Any CPU.ActiveCfg = Debug|Any CPU
		{A2140DFC-53AE-46D9-A89E-42A0CBFFA5AF}.Debug|Any CPU.Build.0 = Debug|Any CPU
		{A2140DFC-53AE-46D9-A89E-42A0CBFFA5AF}.Debug|x86.ActiveCfg = Debug|Any CPU
		{A2140DFC-53AE-46D9-A89E-42A0CBFFA5AF}.Debug|x86.Build.0 = Debug|Any CPU
		{A2140DFC-53AE-46D9-A89E-42A0CBFFA5AF}.Release|Any CPU.ActiveCfg = Release|Any CPU
		{A2140DFC-53AE-46D9-A89E-42A0CBFFA5AF}.Release|Any CPU.Build.0 = Release|Any CPU
		{A2140DFC-53AE-46D9-A89E-42A0CBFFA5AF}.Release|x86.ActiveCfg = Release|Any CPU
		{A2140DFC-53AE-46D9-A89E-42A0CBFFA5AF}.Release|x86.Build.0 = Release|Any CPU
		{A2140DFC-53AE-46D9-A89E-42A0CBFFA5AF}.SingleImage|Any CPU.ActiveCfg = Release|Any CPU
		{A2140DFC-53AE-46D9-A89E-42A0CBFFA5AF}.SingleImage|x86.ActiveCfg = Release|Any CPU
		{A2140DFC-53AE-46D9-A89E-42A0CBFFA5AF}.SingleImage|x86.Build.0 = Release|Any CPU
		{D9BC52FF-2319-4216-96FD-6F9CF2D05539}.Debug|Any CPU.ActiveCfg = Debug|Any CPU
		{D9BC52FF-2319-4216-96FD-6F9CF2D05539}.Debug|Any CPU.Build.0 = Debug|Any CPU
		{D9BC52FF-2319-4216-96FD-6F9CF2D05539}.Debug|x86.ActiveCfg = Debug|Any CPU
		{D9BC52FF-2319-4216-96FD-6F9CF2D05539}.Debug|x86.Build.0 = Debug|Any CPU
		{D9BC52FF-2319-4216-96FD-6F9CF2D05539}.Release|Any CPU.ActiveCfg = Release|Any CPU
		{D9BC52FF-2319-4216-96FD-6F9CF2D05539}.Release|Any CPU.Build.0 = Release|Any CPU
		{D9BC52FF-2319-4216-96FD-6F9CF2D05539}.Release|x86.ActiveCfg = Release|Any CPU
		{D9BC52FF-2319-4216-96FD-6F9CF2D05539}.Release|x86.Build.0 = Release|Any CPU
		{D9BC52FF-2319-4216-96FD-6F9CF2D05539}.SingleImage|Any CPU.ActiveCfg = Release|Any CPU
		{D9BC52FF-2319-4216-96FD-6F9CF2D05539}.SingleImage|Any CPU.Build.0 = Release|Any CPU
		{D9BC52FF-2319-4216-96FD-6F9CF2D05539}.SingleImage|x86.ActiveCfg = Release|Any CPU
		{D9BC52FF-2319-4216-96FD-6F9CF2D05539}.SingleImage|x86.Build.0 = Release|Any CPU
		{F9BECB73-F7A5-4462-AE0D-B90BA40E5CF4}.Debug|Any CPU.ActiveCfg = Debug|Any CPU
		{F9BECB73-F7A5-4462-AE0D-B90BA40E5CF4}.Debug|Any CPU.Build.0 = Debug|Any CPU
		{F9BECB73-F7A5-4462-AE0D-B90BA40E5CF4}.Debug|x86.ActiveCfg = Debug|Any CPU
		{F9BECB73-F7A5-4462-AE0D-B90BA40E5CF4}.Debug|x86.Build.0 = Debug|Any CPU
		{F9BECB73-F7A5-4462-AE0D-B90BA40E5CF4}.Release|Any CPU.ActiveCfg = Release|Any CPU
		{F9BECB73-F7A5-4462-AE0D-B90BA40E5CF4}.Release|Any CPU.Build.0 = Release|Any CPU
		{F9BECB73-F7A5-4462-AE0D-B90BA40E5CF4}.Release|x86.ActiveCfg = Release|Any CPU
		{F9BECB73-F7A5-4462-AE0D-B90BA40E5CF4}.Release|x86.Build.0 = Release|Any CPU
		{F9BECB73-F7A5-4462-AE0D-B90BA40E5CF4}.SingleImage|Any CPU.ActiveCfg = Release|Any CPU
		{F9BECB73-F7A5-4462-AE0D-B90BA40E5CF4}.SingleImage|Any CPU.Build.0 = Release|Any CPU
		{F9BECB73-F7A5-4462-AE0D-B90BA40E5CF4}.SingleImage|x86.ActiveCfg = Release|Any CPU
		{F9BECB73-F7A5-4462-AE0D-B90BA40E5CF4}.SingleImage|x86.Build.0 = Release|Any CPU
		{CC552F90-85A6-4D68-8549-EE7438EA150A}.Debug|Any CPU.ActiveCfg = SingleImage
		{CC552F90-85A6-4D68-8549-EE7438EA150A}.Debug|x86.ActiveCfg = DVD-5
		{CC552F90-85A6-4D68-8549-EE7438EA150A}.Debug|x86.Build.0 = DVD-5
		{CC552F90-85A6-4D68-8549-EE7438EA150A}.Release|Any CPU.ActiveCfg = SingleImage
		{CC552F90-85A6-4D68-8549-EE7438EA150A}.Release|x86.ActiveCfg = DVD-5
		{CC552F90-85A6-4D68-8549-EE7438EA150A}.Release|x86.Build.0 = DVD-5
		{CC552F90-85A6-4D68-8549-EE7438EA150A}.SingleImage|Any CPU.ActiveCfg = SingleImage
		{CC552F90-85A6-4D68-8549-EE7438EA150A}.SingleImage|Any CPU.Build.0 = SingleImage
		{CC552F90-85A6-4D68-8549-EE7438EA150A}.SingleImage|x86.ActiveCfg = SingleImage
		{CC552F90-85A6-4D68-8549-EE7438EA150A}.SingleImage|x86.Build.0 = SingleImage
		{730227B9-77B3-4F81-A4FB-341AE9611363}.Debug|Any CPU.ActiveCfg = Debug|Any CPU
		{730227B9-77B3-4F81-A4FB-341AE9611363}.Debug|Any CPU.Build.0 = Debug|Any CPU
		{730227B9-77B3-4F81-A4FB-341AE9611363}.Debug|x86.ActiveCfg = Debug|Any CPU
		{730227B9-77B3-4F81-A4FB-341AE9611363}.Debug|x86.Build.0 = Debug|Any CPU
		{730227B9-77B3-4F81-A4FB-341AE9611363}.Release|Any CPU.ActiveCfg = Release|Any CPU
		{730227B9-77B3-4F81-A4FB-341AE9611363}.Release|Any CPU.Build.0 = Release|Any CPU
		{730227B9-77B3-4F81-A4FB-341AE9611363}.Release|x86.ActiveCfg = Release|Any CPU
		{730227B9-77B3-4F81-A4FB-341AE9611363}.Release|x86.Build.0 = Release|Any CPU
		{730227B9-77B3-4F81-A4FB-341AE9611363}.SingleImage|Any CPU.ActiveCfg = Release|Any CPU
		{730227B9-77B3-4F81-A4FB-341AE9611363}.SingleImage|x86.ActiveCfg = Release|Any CPU
		{730227B9-77B3-4F81-A4FB-341AE9611363}.SingleImage|x86.Build.0 = Release|Any CPU
		{35888456-3095-4133-92C8-6DD3205F4C2D}.Debug|Any CPU.ActiveCfg = Debug|Any CPU
		{35888456-3095-4133-92C8-6DD3205F4C2D}.Debug|Any CPU.Build.0 = Debug|Any CPU
		{35888456-3095-4133-92C8-6DD3205F4C2D}.Debug|x86.ActiveCfg = Debug|Any CPU
		{35888456-3095-4133-92C8-6DD3205F4C2D}.Debug|x86.Build.0 = Debug|Any CPU
		{35888456-3095-4133-92C8-6DD3205F4C2D}.Release|Any CPU.ActiveCfg = Release|Any CPU
		{35888456-3095-4133-92C8-6DD3205F4C2D}.Release|Any CPU.Build.0 = Release|Any CPU
		{35888456-3095-4133-92C8-6DD3205F4C2D}.Release|x86.ActiveCfg = Release|Any CPU
		{35888456-3095-4133-92C8-6DD3205F4C2D}.Release|x86.Build.0 = Release|Any CPU
		{35888456-3095-4133-92C8-6DD3205F4C2D}.SingleImage|Any CPU.ActiveCfg = Release|Any CPU
		{35888456-3095-4133-92C8-6DD3205F4C2D}.SingleImage|Any CPU.Build.0 = Release|Any CPU
		{35888456-3095-4133-92C8-6DD3205F4C2D}.SingleImage|x86.ActiveCfg = Release|Any CPU
		{35888456-3095-4133-92C8-6DD3205F4C2D}.SingleImage|x86.Build.0 = Release|Any CPU
		{D8A416FA-BE7D-4929-8A6A-DA28B206853C}.Debug|Any CPU.ActiveCfg = Debug|Any CPU
		{D8A416FA-BE7D-4929-8A6A-DA28B206853C}.Debug|Any CPU.Build.0 = Debug|Any CPU
		{D8A416FA-BE7D-4929-8A6A-DA28B206853C}.Debug|x86.ActiveCfg = Debug|Any CPU
		{D8A416FA-BE7D-4929-8A6A-DA28B206853C}.Debug|x86.Build.0 = Debug|Any CPU
		{D8A416FA-BE7D-4929-8A6A-DA28B206853C}.Release|Any CPU.ActiveCfg = Release|Any CPU
		{D8A416FA-BE7D-4929-8A6A-DA28B206853C}.Release|Any CPU.Build.0 = Release|Any CPU
		{D8A416FA-BE7D-4929-8A6A-DA28B206853C}.Release|x86.ActiveCfg = Release|Any CPU
		{D8A416FA-BE7D-4929-8A6A-DA28B206853C}.Release|x86.Build.0 = Release|Any CPU
		{D8A416FA-BE7D-4929-8A6A-DA28B206853C}.SingleImage|Any CPU.ActiveCfg = Release|Any CPU
		{D8A416FA-BE7D-4929-8A6A-DA28B206853C}.SingleImage|Any CPU.Build.0 = Release|Any CPU
		{D8A416FA-BE7D-4929-8A6A-DA28B206853C}.SingleImage|x86.ActiveCfg = Release|Any CPU
		{D8A416FA-BE7D-4929-8A6A-DA28B206853C}.SingleImage|x86.Build.0 = Release|Any CPU
		{EB5D17BF-060E-41FE-AB6E-E916D68FCBA4}.Debug|Any CPU.ActiveCfg = Debug|Any CPU
		{EB5D17BF-060E-41FE-AB6E-E916D68FCBA4}.Debug|Any CPU.Build.0 = Debug|Any CPU
		{EB5D17BF-060E-41FE-AB6E-E916D68FCBA4}.Debug|x86.ActiveCfg = Debug|x86
		{EB5D17BF-060E-41FE-AB6E-E916D68FCBA4}.Debug|x86.Build.0 = Debug|x86
		{EB5D17BF-060E-41FE-AB6E-E916D68FCBA4}.Release|Any CPU.ActiveCfg = Release|Any CPU
		{EB5D17BF-060E-41FE-AB6E-E916D68FCBA4}.Release|Any CPU.Build.0 = Release|Any CPU
		{EB5D17BF-060E-41FE-AB6E-E916D68FCBA4}.Release|x86.ActiveCfg = Release|x86
		{EB5D17BF-060E-41FE-AB6E-E916D68FCBA4}.Release|x86.Build.0 = Release|x86
		{EB5D17BF-060E-41FE-AB6E-E916D68FCBA4}.SingleImage|Any CPU.ActiveCfg = Release|Any CPU
		{EB5D17BF-060E-41FE-AB6E-E916D68FCBA4}.SingleImage|Any CPU.Build.0 = Release|Any CPU
		{EB5D17BF-060E-41FE-AB6E-E916D68FCBA4}.SingleImage|x86.ActiveCfg = Release|x86
		{EB5D17BF-060E-41FE-AB6E-E916D68FCBA4}.SingleImage|x86.Build.0 = Release|x86
		{6C6B1628-AD0A-41F4-AFE0-FD922FB63BF3}.Debug|Any CPU.ActiveCfg = Debug|Any CPU
		{6C6B1628-AD0A-41F4-AFE0-FD922FB63BF3}.Debug|Any CPU.Build.0 = Debug|Any CPU
		{6C6B1628-AD0A-41F4-AFE0-FD922FB63BF3}.Debug|x86.ActiveCfg = Debug|Any CPU
		{6C6B1628-AD0A-41F4-AFE0-FD922FB63BF3}.Debug|x86.Build.0 = Debug|Any CPU
		{6C6B1628-AD0A-41F4-AFE0-FD922FB63BF3}.Release|Any CPU.ActiveCfg = Release|Any CPU
		{6C6B1628-AD0A-41F4-AFE0-FD922FB63BF3}.Release|Any CPU.Build.0 = Release|Any CPU
		{6C6B1628-AD0A-41F4-AFE0-FD922FB63BF3}.Release|x86.ActiveCfg = Release|Any CPU
		{6C6B1628-AD0A-41F4-AFE0-FD922FB63BF3}.Release|x86.Build.0 = Release|Any CPU
		{6C6B1628-AD0A-41F4-AFE0-FD922FB63BF3}.SingleImage|Any CPU.ActiveCfg = Release|Any CPU
		{6C6B1628-AD0A-41F4-AFE0-FD922FB63BF3}.SingleImage|x86.ActiveCfg = Release|Any CPU
		{6C6B1628-AD0A-41F4-AFE0-FD922FB63BF3}.SingleImage|x86.Build.0 = Release|Any CPU
		{95BB2692-05A3-4CFE-A10D-376C7139D649}.Debug|Any CPU.ActiveCfg = Debug|Any CPU
		{95BB2692-05A3-4CFE-A10D-376C7139D649}.Debug|Any CPU.Build.0 = Debug|Any CPU
		{95BB2692-05A3-4CFE-A10D-376C7139D649}.Debug|x86.ActiveCfg = Debug|Any CPU
		{95BB2692-05A3-4CFE-A10D-376C7139D649}.Debug|x86.Build.0 = Debug|Any CPU
		{95BB2692-05A3-4CFE-A10D-376C7139D649}.Release|Any CPU.ActiveCfg = Release|Any CPU
		{95BB2692-05A3-4CFE-A10D-376C7139D649}.Release|Any CPU.Build.0 = Release|Any CPU
		{95BB2692-05A3-4CFE-A10D-376C7139D649}.Release|x86.ActiveCfg = Release|Any CPU
		{95BB2692-05A3-4CFE-A10D-376C7139D649}.Release|x86.Build.0 = Release|Any CPU
		{95BB2692-05A3-4CFE-A10D-376C7139D649}.SingleImage|Any CPU.ActiveCfg = Release|Any CPU
		{95BB2692-05A3-4CFE-A10D-376C7139D649}.SingleImage|Any CPU.Build.0 = Release|Any CPU
		{95BB2692-05A3-4CFE-A10D-376C7139D649}.SingleImage|x86.ActiveCfg = Release|Any CPU
		{95BB2692-05A3-4CFE-A10D-376C7139D649}.SingleImage|x86.Build.0 = Release|Any CPU
	EndGlobalSection
	GlobalSection(SolutionProperties) = preSolution
		HideSolutionNode = FALSE
	EndGlobalSection
EndGlobal
